# THIS IS AN AUTOGENERATED FILE. DO NOT EDIT THIS FILE DIRECTLY.
# yarn lockfile v1


"@remix-run/router@1.2.0":
  version "1.2.0"
  resolved "https://registry.yarnpkg.com/@remix-run/router/-/router-1.2.0.tgz#54eff8306938b64c521f4a9ed313d33a91ef019a"
  integrity sha512-GO82KYYTWPRCgdNtnheaZG3LcViUlxRFlHM7ykh7N+ufoXi6PVIHoP+9RUG/vuzl2hr9i/h6EA1Eq+2HpqJ0gQ==

dom-walk@^0.1.0:
  version "0.1.2"
  resolved "https://registry.yarnpkg.com/dom-walk/-/dom-walk-0.1.2.tgz#0c548bef048f4d1f2a97249002236060daa3fd84"
  integrity sha512-6QvTW9mrGeIegrFXdtQi9pk7O/nSK6lSdXW2eqUspN5LWD7UTji2Fqw5V2YLjBpHEoU9Xl/eUWNpDeZvoyOv2w==

global@^4.4.0:
  version "4.4.0"
  resolved "https://registry.yarnpkg.com/global/-/global-4.4.0.tgz#3e7b105179006a323ed71aafca3e9c57a5cc6406"
  integrity sha512-wv/LAoHdRE3BeTGz53FAamhGlPLhlssK45usmGFThIi4XqnBmjKQ16u+RNbP7WvigRZDxUsM0J3gcQ5yicaL0w==
  dependencies:
    min-document "^2.19.0"
    process "^0.11.10"

min-document@^2.19.0:
  version "2.19.0"
  resolved "https://registry.yarnpkg.com/min-document/-/min-document-2.19.0.tgz#7bd282e3f5842ed295bb748cdd9f1ffa2c824685"
  integrity sha512-9Wy1B3m3f66bPPmU5hdA4DR4PB2OfDU/+GS3yAB7IQozE3tqXaVv2zOjgla7MEGSRv95+ILmOuvhLkOK6wJtCQ==
  dependencies:
    dom-walk "^0.1.0"

process@^0.11.10:
  version "0.11.10"
  resolved "https://registry.yarnpkg.com/process/-/process-0.11.10.tgz#7332300e840161bda3e69a1d1d91a7d4bc16f182"
  integrity sha512-cdGef/drWFoydD1JsMzuFf8100nZl+GT+yacc2bEced5f9Rjk4z+WtFUTBu9PhOi9j/jfmBPu0mMEY4wIdAF8A==

react-router-dom@^6.6.0:
  version "6.6.0"
  resolved "https://registry.yarnpkg.com/react-router-dom/-/react-router-dom-6.6.0.tgz#ad20b37b69e9fe7c6389663a0767ba40a19f71fe"
  integrity sha512-qC4jnvpfCPKVle1mKLD75IvZLcbVJyFMlSn16WY9ZiOed3dgSmqhslCf/u3tmSccWOujkdsT/OwGq12bELmvjg==
  dependencies:
    "@remix-run/router" "1.2.0"
    react-router "6.6.0"

react-router@6.6.0:
  version "6.6.0"
  resolved "https://registry.yarnpkg.com/react-router/-/react-router-6.6.0.tgz#9ae27cfc6bf7f2b28e1f028fe01fdbec96a3a41d"
  integrity sha512-+VPfCIaFbkW7BAiB/2oeprxKAt1KLbl+zXZ10CXOYezKWgBmTKyh8XjI53eLqY5kd7uY+V4rh3UW44FclwUU+Q==
  dependencies:
    "@remix-run/router" "1.2.0"

yarn@^1.22.19:
  version "1.22.19"
  resolved "https://registry.yarnpkg.com/yarn/-/yarn-1.22.19.tgz#4ba7fc5c6e704fce2066ecbfb0b0d8976fe62447"
  integrity sha512-/0V5q0WbslqnwP91tirOvldvYISzaqhClxzyUKXYxs07yUILIs5jx/k6CFe8bvKSkds5w+eiOqta39Wk3WxdcQ==
