# THIS IS AN AUTOGENERATED FILE. DO NOT EDIT THIS FILE DIRECTLY.
# yarn lockfile v1


react-icon@^1.0.0:
  version "1.0.0"
  resolved "https://registry.yarnpkg.com/react-icon/-/react-icon-1.0.0.tgz#6038598eb07fb3e64b3e7865d271f79f3559de0b"
  integrity sha512-VzSlpBHnLanVw79mOxyq98hWDi6DlxK9qPiZ1bAK6bLurMBCaxO/jjyYUrRx9+JGLc/NbnwOmyE/W5Qglbb2QA==

react-icons@^4.6.0:
  version "4.6.0"
  resolved "https://registry.yarnpkg.com/react-icons/-/react-icons-4.6.0.tgz#f83eda179af5d02c047449a20b702c858653d397"
  integrity sha512-rR/L9m9340yO8yv1QT1QurxWQvWpbNHqVX0fzMln2HEb9TEIrQRGsqiNFQfiv9/JEUbyHmHPlNTB2LWm2Ttz0g==

uuid@^9.0.0:
  version "9.0.0"
  resolved "https://registry.npmjs.org/uuid/-/uuid-9.0.0.tgz"
  integrity sha512-MXcSTerfPa4uqyzStbRoTgt5XIe3x5+42+q1sDuy3R5MDk66URdLMOZe5aPX/SQd+kuYAh0FdP/pO28IkQyTeg==
